
Microsoft Visual Studio Solution File, Format Version 12.00
# Visual Studio Version 17
VisualStudioVersion = 17.2.32602.215
MinimumVisualStudioVersion = 10.0.40219.1
Project("{FAE04EC0-301F-11D3-BF4B-00C04F79EFBC}") = "MissionProject", "MissionProject\MissionProject.csproj", "{4AA7085C-AFF5-48B7-8FAF-3464F916CBE6}"
EndProject
Global
	GlobalSection(SolutionConfigurationPlatforms) = preSolution
		Debug|Any CPU = Debug|Any CPU
		Release|Any CPU = Release|Any CPU
	EndGlobalSection
	GlobalSection(ProjectConfigurationPlatforms) = postSolution
		{4AA7085C-AFF5-48B7-8FAF-3464F916CBE6}.Debug|Any CPU.ActiveCfg = Debug|Any CPU
		{4AA7085C-AFF5-48B7-8FAF-3464F916CBE6}.Debug|Any CPU.Build.0 = Debug|Any CPU
		{4AA7085C-AFF5-48B7-8FAF-3464F916CBE6}.Release|Any CPU.ActiveCfg = Release|Any CPU
		{4AA7085C-AFF5-48B7-8FAF-3464F916CBE6}.Release|Any CPU.Build.0 = Release|Any CPU
	EndGlobalSection
	GlobalSection(SolutionProperties) = preSolution
		HideSolutionNode = FALSE
	EndGlobalSection
	GlobalSection(ExtensibilityGlobals) = postSolution
		SolutionGuid = {7E272E8B-5CDB-4715-BFEF-60D660026873}
	EndGlobalSection
EndGlobal
